// !$*UTF8*$!
{
	archiveVersion = 1;
	classes = {
	};
	objectVersion = 51;
	objects = {

/* Begin PBXBuildFile section */
		0430C234EDEC47923C140340 /* Pods_TestGitHubUser_TestGitHubUserUITests.framework in Frameworks */ = {isa = PBXBuildFile; fileRef = 4A04FF34E6796AFACCFC76E1 /* Pods_TestGitHubUser_TestGitHubUserUITests.framework */; };
		04E15EC7FB4B513585989AD5 /* Pods_TestGitHubUser.framework in Frameworks */ = {isa = PBXBuildFile; fileRef = FD34D0D99BCFBE21ABAF7F85 /* Pods_TestGitHubUser.framework */; };
		583875C12B89ECB6E1C81AA7 /* Pods_TestGitHubUserTests.framework in Frameworks */ = {isa = PBXBuildFile; fileRef = 5649E81908BA7F584A61E002 /* Pods_TestGitHubUserTests.framework */; };
		CE149BBD267200BF009C1FED /* AppRepository.swift in Sources */ = {isa = PBXBuildFile; fileRef = CE149BBC267200BF009C1FED /* AppRepository.swift */; };
		CE2EA8EE26643C2500E5D63B /* MainVM.swift in Sources */ = {isa = PBXBuildFile; fileRef = CE2EA8ED26643C2500E5D63B /* MainVM.swift */; };
		CE2EA8F8266442A900E5D63B /* HistoryTVC.swift in Sources */ = {isa = PBXBuildFile; fileRef = CE2EA8F6266442A900E5D63B /* HistoryTVC.swift */; };
		CE2EA8F9266442A900E5D63B /* HistoryTVC.xib in Resources */ = {isa = PBXBuildFile; fileRef = CE2EA8F7266442A900E5D63B /* HistoryTVC.xib */; };
		CE42D1FA2663B06A000B7DB3 /* AppDelegate.swift in Sources */ = {isa = PBXBuildFile; fileRef = CE42D1F92663B06A000B7DB3 /* AppDelegate.swift */; };
		CE42D1FC2663B06A000B7DB3 /* SceneDelegate.swift in Sources */ = {isa = PBXBuildFile; fileRef = CE42D1FB2663B06A000B7DB3 /* SceneDelegate.swift */; };
		CE42D1FE2663B06A000B7DB3 /* MainVC.swift in Sources */ = {isa = PBXBuildFile; fileRef = CE42D1FD2663B06A000B7DB3 /* MainVC.swift */; };
		CE42D2012663B06A000B7DB3 /* Main.storyboard in Resources */ = {isa = PBXBuildFile; fileRef = CE42D1FF2663B06A000B7DB3 /* Main.storyboard */; };
		CE42D2042663B06A000B7DB3 /* TestGitHubUser.xcdatamodeld in Sources */ = {isa = PBXBuildFile; fileRef = CE42D2022663B06A000B7DB3 /* TestGitHubUser.xcdatamodeld */; };
		CE42D2062663B06D000B7DB3 /* Assets.xcassets in Resources */ = {isa = PBXBuildFile; fileRef = CE42D2052663B06D000B7DB3 /* Assets.xcassets */; };
		CE42D2092663B06D000B7DB3 /* LaunchScreen.storyboard in Resources */ = {isa = PBXBuildFile; fileRef = CE42D2072663B06D000B7DB3 /* LaunchScreen.storyboard */; };
		CE42D2142663B06E000B7DB3 /* TestGitHubUserTests.swift in Sources */ = {isa = PBXBuildFile; fileRef = CE42D2132663B06E000B7DB3 /* TestGitHubUserTests.swift */; };
		CE42D21F2663B06E000B7DB3 /* TestGitHubUserUITests.swift in Sources */ = {isa = PBXBuildFile; fileRef = CE42D21E2663B06E000B7DB3 /* TestGitHubUserUITests.swift */; };
		CE42D2562663B27C000B7DB3 /* BaseVC.swift in Sources */ = {isa = PBXBuildFile; fileRef = CE42D2552663B27C000B7DB3 /* BaseVC.swift */; };
		CE42D25F2663B326000B7DB3 /* UIColor+Ext.swift in Sources */ = {isa = PBXBuildFile; fileRef = CE42D25B2663B326000B7DB3 /* UIColor+Ext.swift */; };
		CE42D2602663B326000B7DB3 /* SVProgressHUD+Ext.swift in Sources */ = {isa = PBXBuildFile; fileRef = CE42D25C2663B326000B7DB3 /* SVProgressHUD+Ext.swift */; };
		CE42D2612663B326000B7DB3 /* DataResponse+Ext.swift in Sources */ = {isa = PBXBuildFile; fileRef = CE42D25D2663B326000B7DB3 /* DataResponse+Ext.swift */; };
		CE42D2622663B326000B7DB3 /* URLRequest+Ext.swift in Sources */ = {isa = PBXBuildFile; fileRef = CE42D25E2663B326000B7DB3 /* URLRequest+Ext.swift */; };
		CE42D2672663B372000B7DB3 /* BaseVM.swift in Sources */ = {isa = PBXBuildFile; fileRef = CE42D2662663B372000B7DB3 /* BaseVM.swift */; };
		CE42D26F2663B683000B7DB3 /* Typealias.swift in Sources */ = {isa = PBXBuildFile; fileRef = CE42D26C2663B682000B7DB3 /* Typealias.swift */; };
		CE42D2702663B683000B7DB3 /* Constant.swift in Sources */ = {isa = PBXBuildFile; fileRef = CE42D26D2663B683000B7DB3 /* Constant.swift */; };
		CE42D2712663B683000B7DB3 /* Function.swift in Sources */ = {isa = PBXBuildFile; fileRef = CE42D26E2663B683000B7DB3 /* Function.swift */; };
		CE42D27A2663BA59000B7DB3 /* UserTVC.swift in Sources */ = {isa = PBXBuildFile; fileRef = CE42D2782663BA59000B7DB3 /* UserTVC.swift */; };
		CE42D27B2663BA59000B7DB3 /* UserTVC.xib in Resources */ = {isa = PBXBuildFile; fileRef = CE42D2792663BA59000B7DB3 /* UserTVC.xib */; };
		CE42D2872663C07A000B7DB3 /* DetailVC.swift in Sources */ = {isa = PBXBuildFile; fileRef = CE42D2862663C07A000B7DB3 /* DetailVC.swift */; };
		CE42D28D2663CC40000B7DB3 /* User.swift in Sources */ = {isa = PBXBuildFile; fileRef = CE42D28C2663CC40000B7DB3 /* User.swift */; };
		CE42D2932663CFFF000B7DB3 /* SearchUsersResponse.swift in Sources */ = {isa = PBXBuildFile; fileRef = CE42D2922663CFFF000B7DB3 /* SearchUsersResponse.swift */; };
		CE42D29C2663D126000B7DB3 /* RestService.swift in Sources */ = {isa = PBXBuildFile; fileRef = CE42D29B2663D126000B7DB3 /* RestService.swift */; };
		CE42D2AE266430A6000B7DB3 /* History+CoreDataClass.swift in Sources */ = {isa = PBXBuildFile; fileRef = CE42D2AC266430A6000B7DB3 /* History+CoreDataClass.swift */; };
		CE42D2AF266430A6000B7DB3 /* History+CoreDataProperties.swift in Sources */ = {isa = PBXBuildFile; fileRef = CE42D2AD266430A6000B7DB3 /* History+CoreDataProperties.swift */; };
/* End PBXBuildFile section */

/* Begin PBXContainerItemProxy section */
		CE42D2102663B06E000B7DB3 /* PBXContainerItemProxy */ = {
			isa = PBXContainerItemProxy;
			containerPortal = CE42D1EE2663B06A000B7DB3 /* Project object */;
			proxyType = 1;
			remoteGlobalIDString = CE42D1F52663B06A000B7DB3;
			remoteInfo = TestGitHubUser;
		};
		CE42D21B2663B06E000B7DB3 /* PBXContainerItemProxy */ = {
			isa = PBXContainerItemProxy;
			containerPortal = CE42D1EE2663B06A000B7DB3 /* Project object */;
			proxyType = 1;
			remoteGlobalIDString = CE42D1F52663B06A000B7DB3;
			remoteInfo = TestGitHubUser;
		};
/* End PBXContainerItemProxy section */

/* Begin PBXFileReference section */
		2B1ADAECB7EB2EAA6FC0FD1D /* Pods-TestGitHubUser-TestGitHubUserUITests.release.xcconfig */ = {isa = PBXFileReference; includeInIndex = 1; lastKnownFileType = text.xcconfig; name = "Pods-TestGitHubUser-TestGitHubUserUITests.release.xcconfig"; path = "Target Support Files/Pods-TestGitHubUser-TestGitHubUserUITests/Pods-TestGitHubUser-TestGitHubUserUITests.release.xcconfig"; sourceTree = "<group>"; };
		4A04FF34E6796AFACCFC76E1 /* Pods_TestGitHubUser_TestGitHubUserUITests.framework */ = {isa = PBXFileReference; explicitFileType = wrapper.framework; includeInIndex = 0; path = Pods_TestGitHubUser_TestGitHubUserUITests.framework; sourceTree = BUILT_PRODUCTS_DIR; };
		53424CE8AE12E960E211BD29 /* Pods-TestGitHubUserTests.release.xcconfig */ = {isa = PBXFileReference; includeInIndex = 1; lastKnownFileType = text.xcconfig; name = "Pods-TestGitHubUserTests.release.xcconfig"; path = "Target Support Files/Pods-TestGitHubUserTests/Pods-TestGitHubUserTests.release.xcconfig"; sourceTree = "<group>"; };
		5649E81908BA7F584A61E002 /* Pods_TestGitHubUserTests.framework */ = {isa = PBXFileReference; explicitFileType = wrapper.framework; includeInIndex = 0; path = Pods_TestGitHubUserTests.framework; sourceTree = BUILT_PRODUCTS_DIR; };
		5673A30F1E0F0DAB2F023DA7 /* Pods-TestGitHubUser.release.xcconfig */ = {isa = PBXFileReference; includeInIndex = 1; lastKnownFileType = text.xcconfig; name = "Pods-TestGitHubUser.release.xcconfig"; path = "Target Support Files/Pods-TestGitHubUser/Pods-TestGitHubUser.release.xcconfig"; sourceTree = "<group>"; };
		5834CA7A0E137FBA26D718E6 /* Pods-TestGitHubUser-TestGitHubUserUITests.debug.xcconfig */ = {isa = PBXFileReference; includeInIndex = 1; lastKnownFileType = text.xcconfig; name = "Pods-TestGitHubUser-TestGitHubUserUITests.debug.xcconfig"; path = "Target Support Files/Pods-TestGitHubUser-TestGitHubUserUITests/Pods-TestGitHubUser-TestGitHubUserUITests.debug.xcconfig"; sourceTree = "<group>"; };
		6553CC61FA761ED26826D704 /* Pods-TestGitHubUserTests.debug.xcconfig */ = {isa = PBXFileReference; includeInIndex = 1; lastKnownFileType = text.xcconfig; name = "Pods-TestGitHubUserTests.debug.xcconfig"; path = "Target Support Files/Pods-TestGitHubUserTests/Pods-TestGitHubUserTests.debug.xcconfig"; sourceTree = "<group>"; };
		CE149BBC267200BF009C1FED /* AppRepository.swift */ = {isa = PBXFileReference; lastKnownFileType = sourcecode.swift; path = AppRepository.swift; sourceTree = "<group>"; };
		CE2EA8ED26643C2500E5D63B /* MainVM.swift */ = {isa = PBXFileReference; lastKnownFileType = sourcecode.swift; path = MainVM.swift; sourceTree = "<group>"; };
		CE2EA8F6266442A900E5D63B /* HistoryTVC.swift */ = {isa = PBXFileReference; lastKnownFileType = sourcecode.swift; path = HistoryTVC.swift; sourceTree = "<group>"; };
		CE2EA8F7266442A900E5D63B /* HistoryTVC.xib */ = {isa = PBXFileReference; lastKnownFileType = file.xib; path = HistoryTVC.xib; sourceTree = "<group>"; };
		CE42D1F62663B06A000B7DB3 /* TestGitHubUser.app */ = {isa = PBXFileReference; explicitFileType = wrapper.application; includeInIndex = 0; path = TestGitHubUser.app; sourceTree = BUILT_PRODUCTS_DIR; };
		CE42D1F92663B06A000B7DB3 /* AppDelegate.swift */ = {isa = PBXFileReference; lastKnownFileType = sourcecode.swift; path = AppDelegate.swift; sourceTree = "<group>"; };
		CE42D1FB2663B06A000B7DB3 /* SceneDelegate.swift */ = {isa = PBXFileReference; lastKnownFileType = sourcecode.swift; path = SceneDelegate.swift; sourceTree = "<group>"; };
		CE42D1FD2663B06A000B7DB3 /* MainVC.swift */ = {isa = PBXFileReference; lastKnownFileType = sourcecode.swift; path = MainVC.swift; sourceTree = "<group>"; };
		CE42D2002663B06A000B7DB3 /* Base */ = {isa = PBXFileReference; lastKnownFileType = file.storyboard; name = Base; path = Base.lproj/Main.storyboard; sourceTree = "<group>"; };
		CE42D2032663B06A000B7DB3 /* TestGitHubUser.xcdatamodel */ = {isa = PBXFileReference; lastKnownFileType = wrapper.xcdatamodel; path = TestGitHubUser.xcdatamodel; sourceTree = "<group>"; };
		CE42D2052663B06D000B7DB3 /* Assets.xcassets */ = {isa = PBXFileReference; lastKnownFileType = folder.assetcatalog; path = Assets.xcassets; sourceTree = "<group>"; };
		CE42D2082663B06D000B7DB3 /* Base */ = {isa = PBXFileReference; lastKnownFileType = file.storyboard; name = Base; path = Base.lproj/LaunchScreen.storyboard; sourceTree = "<group>"; };
		CE42D20A2663B06D000B7DB3 /* Info.plist */ = {isa = PBXFileReference; lastKnownFileType = text.plist.xml; path = Info.plist; sourceTree = "<group>"; };
		CE42D20F2663B06E000B7DB3 /* TestGitHubUserTests.xctest */ = {isa = PBXFileReference; explicitFileType = wrapper.cfbundle; includeInIndex = 0; path = TestGitHubUserTests.xctest; sourceTree = BUILT_PRODUCTS_DIR; };
		CE42D2132663B06E000B7DB3 /* TestGitHubUserTests.swift */ = {isa = PBXFileReference; lastKnownFileType = sourcecode.swift; path = TestGitHubUserTests.swift; sourceTree = "<group>"; };
		CE42D2152663B06E000B7DB3 /* Info.plist */ = {isa = PBXFileReference; lastKnownFileType = text.plist.xml; path = Info.plist; sourceTree = "<group>"; };
		CE42D21A2663B06E000B7DB3 /* TestGitHubUserUITests.xctest */ = {isa = PBXFileReference; explicitFileType = wrapper.cfbundle; includeInIndex = 0; path = TestGitHubUserUITests.xctest; sourceTree = BUILT_PRODUCTS_DIR; };
		CE42D21E2663B06E000B7DB3 /* TestGitHubUserUITests.swift */ = {isa = PBXFileReference; lastKnownFileType = sourcecode.swift; path = TestGitHubUserUITests.swift; sourceTree = "<group>"; };
		CE42D2202663B06E000B7DB3 /* Info.plist */ = {isa = PBXFileReference; lastKnownFileType = text.plist.xml; path = Info.plist; sourceTree = "<group>"; };
		CE42D2552663B27C000B7DB3 /* BaseVC.swift */ = {isa = PBXFileReference; lastKnownFileType = sourcecode.swift; path = BaseVC.swift; sourceTree = "<group>"; };
		CE42D25B2663B326000B7DB3 /* UIColor+Ext.swift */ = {isa = PBXFileReference; fileEncoding = 4; lastKnownFileType = sourcecode.swift; path = "UIColor+Ext.swift"; sourceTree = "<group>"; };
		CE42D25C2663B326000B7DB3 /* SVProgressHUD+Ext.swift */ = {isa = PBXFileReference; fileEncoding = 4; lastKnownFileType = sourcecode.swift; path = "SVProgressHUD+Ext.swift"; sourceTree = "<group>"; };
		CE42D25D2663B326000B7DB3 /* DataResponse+Ext.swift */ = {isa = PBXFileReference; fileEncoding = 4; lastKnownFileType = sourcecode.swift; path = "DataResponse+Ext.swift"; sourceTree = "<group>"; };
		CE42D25E2663B326000B7DB3 /* URLRequest+Ext.swift */ = {isa = PBXFileReference; fileEncoding = 4; lastKnownFileType = sourcecode.swift; path = "URLRequest+Ext.swift"; sourceTree = "<group>"; };
		CE42D2662663B372000B7DB3 /* BaseVM.swift */ = {isa = PBXFileReference; lastKnownFileType = sourcecode.swift; path = BaseVM.swift; sourceTree = "<group>"; };
		CE42D26C2663B682000B7DB3 /* Typealias.swift */ = {isa = PBXFileReference; fileEncoding = 4; lastKnownFileType = sourcecode.swift; path = Typealias.swift; sourceTree = "<group>"; };
		CE42D26D2663B683000B7DB3 /* Constant.swift */ = {isa = PBXFileReference; fileEncoding = 4; lastKnownFileType = sourcecode.swift; path = Constant.swift; sourceTree = "<group>"; };
		CE42D26E2663B683000B7DB3 /* Function.swift */ = {isa = PBXFileReference; fileEncoding = 4; lastKnownFileType = sourcecode.swift; path = Function.swift; sourceTree = "<group>"; };
		CE42D2782663BA59000B7DB3 /* UserTVC.swift */ = {isa = PBXFileReference; lastKnownFileType = sourcecode.swift; path = UserTVC.swift; sourceTree = "<group>"; };
		CE42D2792663BA59000B7DB3 /* UserTVC.xib */ = {isa = PBXFileReference; lastKnownFileType = file.xib; path = UserTVC.xib; sourceTree = "<group>"; };
		CE42D2862663C07A000B7DB3 /* DetailVC.swift */ = {isa = PBXFileReference; lastKnownFileType = sourcecode.swift; path = DetailVC.swift; sourceTree = "<group>"; };
		CE42D28C2663CC40000B7DB3 /* User.swift */ = {isa = PBXFileReference; lastKnownFileType = sourcecode.swift; path = User.swift; sourceTree = "<group>"; };
		CE42D2922663CFFF000B7DB3 /* SearchUsersResponse.swift */ = {isa = PBXFileReference; lastKnownFileType = sourcecode.swift; path = SearchUsersResponse.swift; sourceTree = "<group>"; };
		CE42D29B2663D126000B7DB3 /* RestService.swift */ = {isa = PBXFileReference; lastKnownFileType = sourcecode.swift; path = RestService.swift; sourceTree = "<group>"; };
		CE42D2AC266430A6000B7DB3 /* History+CoreDataClass.swift */ = {isa = PBXFileReference; lastKnownFileType = sourcecode.swift; path = "History+CoreDataClass.swift"; sourceTree = "<group>"; };
		CE42D2AD266430A6000B7DB3 /* History+CoreDataProperties.swift */ = {isa = PBXFileReference; lastKnownFileType = sourcecode.swift; path = "History+CoreDataProperties.swift"; sourceTree = "<group>"; };
		FB5151420568F52ADB658B37 /* Pods-TestGitHubUser.debug.xcconfig */ = {isa = PBXFileReference; includeInIndex = 1; lastKnownFileType = text.xcconfig; name = "Pods-TestGitHubUser.debug.xcconfig"; path = "Target Support Files/Pods-TestGitHubUser/Pods-TestGitHubUser.debug.xcconfig"; sourceTree = "<group>"; };
		FD34D0D99BCFBE21ABAF7F85 /* Pods_TestGitHubUser.framework */ = {isa = PBXFileReference; explicitFileType = wrapper.framework; includeInIndex = 0; path = Pods_TestGitHubUser.framework; sourceTree = BUILT_PRODUCTS_DIR; };
/* End PBXFileReference section */

/* Begin PBXFrameworksBuildPhase section */
		CE42D1F32663B06A000B7DB3 /* Frameworks */ = {
			isa = PBXFrameworksBuildPhase;
			buildActionMask = 2147483647;
			files = (
				04E15EC7FB4B513585989AD5 /* Pods_TestGitHubUser.framework in Frameworks */,
			);
			runOnlyForDeploymentPostprocessing = 0;
		};
		CE42D20C2663B06E000B7DB3 /* Frameworks */ = {
			isa = PBXFrameworksBuildPhase;
			buildActionMask = 2147483647;
			files = (
				583875C12B89ECB6E1C81AA7 /* Pods_TestGitHubUserTests.framework in Frameworks */,
			);
			runOnlyForDeploymentPostprocessing = 0;
		};
		CE42D2172663B06E000B7DB3 /* Frameworks */ = {
			isa = PBXFrameworksBuildPhase;
			buildActionMask = 2147483647;
			files = (
				0430C234EDEC47923C140340 /* Pods_TestGitHubUser_TestGitHubUserUITests.framework in Frameworks */,
			);
			runOnlyForDeploymentPostprocessing = 0;
		};
/* End PBXFrameworksBuildPhase section */

/* Begin PBXGroup section */
		660823A222AF5052F1719C80 /* Frameworks */ = {
			isa = PBXGroup;
			children = (
				FD34D0D99BCFBE21ABAF7F85 /* Pods_TestGitHubUser.framework */,
				4A04FF34E6796AFACCFC76E1 /* Pods_TestGitHubUser_TestGitHubUserUITests.framework */,
				5649E81908BA7F584A61E002 /* Pods_TestGitHubUserTests.framework */,
			);
			name = Frameworks;
			sourceTree = "<group>";
		};
		69EF6C9BFD5DEE1B7DFE6ABC /* Pods */ = {
			isa = PBXGroup;
			children = (
				FB5151420568F52ADB658B37 /* Pods-TestGitHubUser.debug.xcconfig */,
				5673A30F1E0F0DAB2F023DA7 /* Pods-TestGitHubUser.release.xcconfig */,
				5834CA7A0E137FBA26D718E6 /* Pods-TestGitHubUser-TestGitHubUserUITests.debug.xcconfig */,
				2B1ADAECB7EB2EAA6FC0FD1D /* Pods-TestGitHubUser-TestGitHubUserUITests.release.xcconfig */,
				6553CC61FA761ED26826D704 /* Pods-TestGitHubUserTests.debug.xcconfig */,
				53424CE8AE12E960E211BD29 /* Pods-TestGitHubUserTests.release.xcconfig */,
			);
			path = Pods;
			sourceTree = "<group>";
		};
		CE149BBB267200AD009C1FED /* Repository */ = {
			isa = PBXGroup;
			children = (
				CE149BBC267200BF009C1FED /* AppRepository.swift */,
			);
			path = Repository;
			sourceTree = "<group>";
		};
		CE2EA8F52664429300E5D63B /* HistoryTVC */ = {
			isa = PBXGroup;
			children = (
				CE2EA8F6266442A900E5D63B /* HistoryTVC.swift */,
				CE2EA8F7266442A900E5D63B /* HistoryTVC.xib */,
			);
			path = HistoryTVC;
			sourceTree = "<group>";
		};
		CE42D1ED2663B06A000B7DB3 = {
			isa = PBXGroup;
			children = (
				CE42D1F82663B06A000B7DB3 /* TestGitHubUser */,
				CE42D2122663B06E000B7DB3 /* TestGitHubUserTests */,
				CE42D21D2663B06E000B7DB3 /* TestGitHubUserUITests */,
				CE42D1F72663B06A000B7DB3 /* Products */,
				69EF6C9BFD5DEE1B7DFE6ABC /* Pods */,
				660823A222AF5052F1719C80 /* Frameworks */,
			);
			sourceTree = "<group>";
		};
		CE42D1F72663B06A000B7DB3 /* Products */ = {
			isa = PBXGroup;
			children = (
				CE42D1F62663B06A000B7DB3 /* TestGitHubUser.app */,
				CE42D20F2663B06E000B7DB3 /* TestGitHubUserTests.xctest */,
				CE42D21A2663B06E000B7DB3 /* TestGitHubUserUITests.xctest */,
			);
			name = Products;
			sourceTree = "<group>";
		};
		CE42D1F82663B06A000B7DB3 /* TestGitHubUser */ = {
			isa = PBXGroup;
			children = (
				CE149BBB267200AD009C1FED /* Repository */,
				CE42D2A32664302A000B7DB3 /* db */,
				CE42D29A2663D117000B7DB3 /* Networking */,
				CE42D28B2663CC27000B7DB3 /* model */,
				CE42D2852663C058000B7DB3 /* Scene */,
				CE42D2752663B9F5000B7DB3 /* UIComponents */,
				CE42D26B2663B660000B7DB3 /* Resources */,
				CE42D25A2663B2AD000B7DB3 /* Extensions */,
				CE42D24E2663B259000B7DB3 /* BaseClass */,
				CE42D1F92663B06A000B7DB3 /* AppDelegate.swift */,
				CE42D1FB2663B06A000B7DB3 /* SceneDelegate.swift */,
				CE42D1FF2663B06A000B7DB3 /* Main.storyboard */,
				CE42D2052663B06D000B7DB3 /* Assets.xcassets */,
				CE42D2072663B06D000B7DB3 /* LaunchScreen.storyboard */,
				CE42D20A2663B06D000B7DB3 /* Info.plist */,
				CE42D2022663B06A000B7DB3 /* TestGitHubUser.xcdatamodeld */,
			);
			path = TestGitHubUser;
			sourceTree = "<group>";
		};
		CE42D2122663B06E000B7DB3 /* TestGitHubUserTests */ = {
			isa = PBXGroup;
			children = (
				CE42D2132663B06E000B7DB3 /* TestGitHubUserTests.swift */,
				CE42D2152663B06E000B7DB3 /* Info.plist */,
			);
			path = TestGitHubUserTests;
			sourceTree = "<group>";
		};
		CE42D21D2663B06E000B7DB3 /* TestGitHubUserUITests */ = {
			isa = PBXGroup;
			children = (
				CE42D21E2663B06E000B7DB3 /* TestGitHubUserUITests.swift */,
				CE42D2202663B06E000B7DB3 /* Info.plist */,
			);
			path = TestGitHubUserUITests;
			sourceTree = "<group>";
		};
		CE42D24E2663B259000B7DB3 /* BaseClass */ = {
			isa = PBXGroup;
			children = (
				CE42D2552663B27C000B7DB3 /* BaseVC.swift */,
				CE42D2662663B372000B7DB3 /* BaseVM.swift */,
			);
			path = BaseClass;
			sourceTree = "<group>";
		};
		CE42D25A2663B2AD000B7DB3 /* Extensions */ = {
			isa = PBXGroup;
			children = (
				CE42D25D2663B326000B7DB3 /* DataResponse+Ext.swift */,
				CE42D25C2663B326000B7DB3 /* SVProgressHUD+Ext.swift */,
				CE42D25B2663B326000B7DB3 /* UIColor+Ext.swift */,
				CE42D25E2663B326000B7DB3 /* URLRequest+Ext.swift */,
			);
			path = Extensions;
			sourceTree = "<group>";
		};
		CE42D26B2663B660000B7DB3 /* Resources */ = {
			isa = PBXGroup;
			children = (
				CE42D26D2663B683000B7DB3 /* Constant.swift */,
				CE42D26E2663B683000B7DB3 /* Function.swift */,
				CE42D26C2663B682000B7DB3 /* Typealias.swift */,
			);
			path = Resources;
			sourceTree = "<group>";
		};
		CE42D2752663B9F5000B7DB3 /* UIComponents */ = {
			isa = PBXGroup;
			children = (
				CE42D2762663BA0A000B7DB3 /* TableCell */,
			);
			path = UIComponents;
			sourceTree = "<group>";
		};
		CE42D2762663BA0A000B7DB3 /* TableCell */ = {
			isa = PBXGroup;
			children = (
				CE2EA8F52664429300E5D63B /* HistoryTVC */,
				CE42D2772663BA29000B7DB3 /* UserTVC */,
			);
			path = TableCell;
			sourceTree = "<group>";
		};
		CE42D2772663BA29000B7DB3 /* UserTVC */ = {
			isa = PBXGroup;
			children = (
				CE42D2782663BA59000B7DB3 /* UserTVC.swift */,
				CE42D2792663BA59000B7DB3 /* UserTVC.xib */,
			);
			path = UserTVC;
			sourceTree = "<group>";
		};
		CE42D2852663C058000B7DB3 /* Scene */ = {
			isa = PBXGroup;
			children = (
				CE42D1FD2663B06A000B7DB3 /* MainVC.swift */,
				CE2EA8ED26643C2500E5D63B /* MainVM.swift */,
				CE42D2862663C07A000B7DB3 /* DetailVC.swift */,
			);
			path = Scene;
			sourceTree = "<group>";
		};
		CE42D28B2663CC27000B7DB3 /* model */ = {
			isa = PBXGroup;
			children = (
				CE42D2912663CFF3000B7DB3 /* response */,
				CE42D28C2663CC40000B7DB3 /* User.swift */,
			);
			path = model;
			sourceTree = "<group>";
		};
		CE42D2912663CFF3000B7DB3 /* response */ = {
			isa = PBXGroup;
			children = (
				CE42D2922663CFFF000B7DB3 /* SearchUsersResponse.swift */,
			);
			path = response;
			sourceTree = "<group>";
		};
		CE42D29A2663D117000B7DB3 /* Networking */ = {
			isa = PBXGroup;
			children = (
				CE42D29B2663D126000B7DB3 /* RestService.swift */,
			);
			path = Networking;
			sourceTree = "<group>";
		};
		CE42D2A32664302A000B7DB3 /* db */ = {
			isa = PBXGroup;
			children = (
				CE42D2AC266430A6000B7DB3 /* History+CoreDataClass.swift */,
				CE42D2AD266430A6000B7DB3 /* History+CoreDataProperties.swift */,
			);
			path = db;
			sourceTree = "<group>";
		};
/* End PBXGroup section */

/* Begin PBXNativeTarget section */
		CE42D1F52663B06A000B7DB3 /* TestGitHubUser */ = {
			isa = PBXNativeTarget;
			buildConfigurationList = CE42D2232663B06E000B7DB3 /* Build configuration list for PBXNativeTarget "TestGitHubUser" */;
			buildPhases = (
				11C8CEFDFA2BB72647D73174 /* [CP] Check Pods Manifest.lock */,
				CE42D1F22663B06A000B7DB3 /* Sources */,
				CE42D1F32663B06A000B7DB3 /* Frameworks */,
				CE42D1F42663B06A000B7DB3 /* Resources */,
				438D2A9D24863326D554A20A /* [CP] Embed Pods Frameworks */,
			);
			buildRules = (
			);
			dependencies = (
			);
			name = TestGitHubUser;
			productName = TestGitHubUser;
			productReference = CE42D1F62663B06A000B7DB3 /* TestGitHubUser.app */;
			productType = "com.apple.product-type.application";
		};
		CE42D20E2663B06E000B7DB3 /* TestGitHubUserTests */ = {
			isa = PBXNativeTarget;
			buildConfigurationList = CE42D2262663B06E000B7DB3 /* Build configuration list for PBXNativeTarget "TestGitHubUserTests" */;
			buildPhases = (
				83D742B3A19A1AE3C2448023 /* [CP] Check Pods Manifest.lock */,
				CE42D20B2663B06E000B7DB3 /* Sources */,
				CE42D20C2663B06E000B7DB3 /* Frameworks */,
				CE42D20D2663B06E000B7DB3 /* Resources */,
			);
			buildRules = (
			);
			dependencies = (
				CE42D2112663B06E000B7DB3 /* PBXTargetDependency */,
			);
			name = TestGitHubUserTests;
			productName = TestGitHubUserTests;
			productReference = CE42D20F2663B06E000B7DB3 /* TestGitHubUserTests.xctest */;
			productType = "com.apple.product-type.bundle.unit-test";
		};
		CE42D2192663B06E000B7DB3 /* TestGitHubUserUITests */ = {
			isa = PBXNativeTarget;
			buildConfigurationList = CE42D2292663B06E000B7DB3 /* Build configuration list for PBXNativeTarget "TestGitHubUserUITests" */;
			buildPhases = (
				180EFBB1B2D256CAAA40CB52 /* [CP] Check Pods Manifest.lock */,
				CE42D2162663B06E000B7DB3 /* Sources */,
				CE42D2172663B06E000B7DB3 /* Frameworks */,
				CE42D2182663B06E000B7DB3 /* Resources */,
				C7B54B4544249E7CAA9FF6F9 /* [CP] Embed Pods Frameworks */,
			);
			buildRules = (
			);
			dependencies = (
				CE42D21C2663B06E000B7DB3 /* PBXTargetDependency */,
			);
			name = TestGitHubUserUITests;
			productName = TestGitHubUserUITests;
			productReference = CE42D21A2663B06E000B7DB3 /* TestGitHubUserUITests.xctest */;
			productType = "com.apple.product-type.bundle.ui-testing";
		};
/* End PBXNativeTarget section */

/* Begin PBXProject section */
		CE42D1EE2663B06A000B7DB3 /* Project object */ = {
			isa = PBXProject;
			attributes = {
				LastSwiftUpdateCheck = 1230;
				LastUpgradeCheck = 1230;
				TargetAttributes = {
					CE42D1F52663B06A000B7DB3 = {
						CreatedOnToolsVersion = 12.3;
					};
					CE42D20E2663B06E000B7DB3 = {
						CreatedOnToolsVersion = 12.3;
						TestTargetID = CE42D1F52663B06A000B7DB3;
					};
					CE42D2192663B06E000B7DB3 = {
						CreatedOnToolsVersion = 12.3;
						TestTargetID = CE42D1F52663B06A000B7DB3;
					};
				};
			};
			buildConfigurationList = CE42D1F12663B06A000B7DB3 /* Build configuration list for PBXProject "TestGitHubUser" */;
			compatibilityVersion = "Xcode 9.3";
			developmentRegion = en;
			hasScannedForEncodings = 0;
			knownRegions = (
				en,
				Base,
			);
			mainGroup = CE42D1ED2663B06A000B7DB3;
			productRefGroup = CE42D1F72663B06A000B7DB3 /* Products */;
			projectDirPath = "";
			projectRoot = "";
			targets = (
				CE42D1F52663B06A000B7DB3 /* TestGitHubUser */,
				CE42D20E2663B06E000B7DB3 /* TestGitHubUserTests */,
				CE42D2192663B06E000B7DB3 /* TestGitHubUserUITests */,
			);
		};
/* End PBXProject section */

/* Begin PBXResourcesBuildPhase section */
		CE42D1F42663B06A000B7DB3 /* Resources */ = {
			isa = PBXResourcesBuildPhase;
			buildActionMask = 2147483647;
			files = (
				CE42D27B2663BA59000B7DB3 /* UserTVC.xib in Resources */,
				CE2EA8F9266442A900E5D63B /* HistoryTVC.xib in Resources */,
				CE42D2092663B06D000B7DB3 /* LaunchScreen.storyboard in Resources */,
				CE42D2062663B06D000B7DB3 /* Assets.xcassets in Resources */,
				CE42D2012663B06A000B7DB3 /* Main.storyboard in Resources */,
			);
			runOnlyForDeploymentPostprocessing = 0;
		};
		CE42D20D2663B06E000B7DB3 /* Resources */ = {
			isa = PBXResourcesBuildPhase;
			buildActionMask = 2147483647;
			files = (
			);
			runOnlyForDeploymentPostprocessing = 0;
		};
		CE42D2182663B06E000B7DB3 /* Resources */ = {
			isa = PBXResourcesBuildPhase;
			buildActionMask = 2147483647;
			files = (
			);
			runOnlyForDeploymentPostprocessing = 0;
		};
/* End PBXResourcesBuildPhase section */

/* Begin PBXShellScriptBuildPhase section */
		11C8CEFDFA2BB72647D73174 /* [CP] Check Pods Manifest.lock */ = {
			isa = PBXShellScriptBuildPhase;
			buildActionMask = 2147483647;
			files = (
			);
			inputFileListPaths = (
			);
			inputPaths = (
				"${PODS_PODFILE_DIR_PATH}/Podfile.lock",
				"${PODS_ROOT}/Manifest.lock",
			);
			name = "[CP] Check Pods Manifest.lock";
			outputFileListPaths = (
			);
			outputPaths = (
				"$(DERIVED_FILE_DIR)/Pods-TestGitHubUser-checkManifestLockResult.txt",
			);
			runOnlyForDeploymentPostprocessing = 0;
			shellPath = /bin/sh;
			shellScript = "diff \"${PODS_PODFILE_DIR_PATH}/Podfile.lock\" \"${PODS_ROOT}/Manifest.lock\" > /dev/null\nif [ $? != 0 ] ; then\n    # print error to STDERR\n    echo \"error: The sandbox is not in sync with the Podfile.lock. Run 'pod install' or update your CocoaPods installation.\" >&2\n    exit 1\nfi\n# This output is used by Xcode 'outputs' to avoid re-running this script phase.\necho \"SUCCESS\" > \"${SCRIPT_OUTPUT_FILE_0}\"\n";
			showEnvVarsInLog = 0;
		};
		180EFBB1B2D256CAAA40CB52 /* [CP] Check Pods Manifest.lock */ = {
			isa = PBXShellScriptBuildPhase;
			buildActionMask = 2147483647;
			files = (
			);
			inputFileListPaths = (
			);
			inputPaths = (
				"${PODS_PODFILE_DIR_PATH}/Podfile.lock",
				"${PODS_ROOT}/Manifest.lock",
			);
			name = "[CP] Check Pods Manifest.lock";
			outputFileListPaths = (
			);
			outputPaths = (
				"$(DERIVED_FILE_DIR)/Pods-TestGitHubUser-TestGitHubUserUITests-checkManifestLockResult.txt",
			);
			runOnlyForDeploymentPostprocessing = 0;
			shellPath = /bin/sh;
			shellScript = "diff \"${PODS_PODFILE_DIR_PATH}/Podfile.lock\" \"${PODS_ROOT}/Manifest.lock\" > /dev/null\nif [ $? != 0 ] ; then\n    # print error to STDERR\n    echo \"error: The sandbox is not in sync with the Podfile.lock. Run 'pod install' or update your CocoaPods installation.\" >&2\n    exit 1\nfi\n# This output is used by Xcode 'outputs' to avoid re-running this script phase.\necho \"SUCCESS\" > \"${SCRIPT_OUTPUT_FILE_0}\"\n";
			showEnvVarsInLog = 0;
		};
		438D2A9D24863326D554A20A /* [CP] Embed Pods Frameworks */ = {
			isa = PBXShellScriptBuildPhase;
			buildActionMask = 2147483647;
			files = (
			);
			inputFileListPaths = (
				"${PODS_ROOT}/Target Support Files/Pods-TestGitHubUser/Pods-TestGitHubUser-frameworks-${CONFIGURATION}-input-files.xcfilelist",
			);
			name = "[CP] Embed Pods Frameworks";
			outputFileListPaths = (
				"${PODS_ROOT}/Target Support Files/Pods-TestGitHubUser/Pods-TestGitHubUser-frameworks-${CONFIGURATION}-output-files.xcfilelist",
			);
			runOnlyForDeploymentPostprocessing = 0;
			shellPath = /bin/sh;
			shellScript = "\"${PODS_ROOT}/Target Support Files/Pods-TestGitHubUser/Pods-TestGitHubUser-frameworks.sh\"\n";
			showEnvVarsInLog = 0;
		};
		83D742B3A19A1AE3C2448023 /* [CP] Check Pods Manifest.lock */ = {
			isa = PBXShellScriptBuildPhase;
			buildActionMask = 2147483647;
			files = (
			);
			inputFileListPaths = (
			);
			inputPaths = (
				"${PODS_PODFILE_DIR_PATH}/Podfile.lock",
				"${PODS_ROOT}/Manifest.lock",
			);
			name = "[CP] Check Pods Manifest.lock";
			outputFileListPaths = (
			);
			outputPaths = (
				"$(DERIVED_FILE_DIR)/Pods-TestGitHubUserTests-checkManifestLockResult.txt",
			);
			runOnlyForDeploymentPostprocessing = 0;
			shellPath = /bin/sh;
			shellScript = "diff \"${PODS_PODFILE_DIR_PATH}/Podfile.lock\" \"${PODS_ROOT}/Manifest.lock\" > /dev/null\nif [ $? != 0 ] ; then\n    # print error to STDERR\n    echo \"error: The sandbox is not in sync with the Podfile.lock. Run 'pod install' or update your CocoaPods installation.\" >&2\n    exit 1\nfi\n# This output is used by Xcode 'outputs' to avoid re-running this script phase.\necho \"SUCCESS\" > \"${SCRIPT_OUTPUT_FILE_0}\"\n";
			showEnvVarsInLog = 0;
		};
		C7B54B4544249E7CAA9FF6F9 /* [CP] Embed Pods Frameworks */ = {
			isa = PBXShellScriptBuildPhase;
			buildActionMask = 2147483647;
			files = (
			);
			inputFileListPaths = (
				"${PODS_ROOT}/Target Support Files/Pods-TestGitHubUser-TestGitHubUserUITests/Pods-TestGitHubUser-TestGitHubUserUITests-frameworks-${CONFIGURATION}-input-files.xcfilelist",
			);
			name = "[CP] Embed Pods Frameworks";
			outputFileListPaths = (
				"${PODS_ROOT}/Target Support Files/Pods-TestGitHubUser-TestGitHubUserUITests/Pods-TestGitHubUser-TestGitHubUserUITests-frameworks-${CONFIGURATION}-output-files.xcfilelist",
			);
			runOnlyForDeploymentPostprocessing = 0;
			shellPath = /bin/sh;
			shellScript = "\"${PODS_ROOT}/Target Support Files/Pods-TestGitHubUser-TestGitHubUserUITests/Pods-TestGitHubUser-TestGitHubUserUITests-frameworks.sh\"\n";
			showEnvVarsInLog = 0;
		};
/* End PBXShellScriptBuildPhase section */

/* Begin PBXSourcesBuildPhase section */
		CE42D1F22663B06A000B7DB3 /* Sources */ = {
			isa = PBXSourcesBuildPhase;
			buildActionMask = 2147483647;
			files = (
				CE2EA8F8266442A900E5D63B /* HistoryTVC.swift in Sources */,
				CE42D2602663B326000B7DB3 /* SVProgressHUD+Ext.swift in Sources */,
				CE42D2932663CFFF000B7DB3 /* SearchUsersResponse.swift in Sources */,
				CE42D26F2663B683000B7DB3 /* Typealias.swift in Sources */,
				CE42D2712663B683000B7DB3 /* Function.swift in Sources */,
				CE42D2AF266430A6000B7DB3 /* History+CoreDataProperties.swift in Sources */,
				CE42D1FE2663B06A000B7DB3 /* MainVC.swift in Sources */,
				CE42D28D2663CC40000B7DB3 /* User.swift in Sources */,
				CE2EA8EE26643C2500E5D63B /* MainVM.swift in Sources */,
				CE42D2042663B06A000B7DB3 /* TestGitHubUser.xcdatamodeld in Sources */,
				CE42D2872663C07A000B7DB3 /* DetailVC.swift in Sources */,
				CE42D1FA2663B06A000B7DB3 /* AppDelegate.swift in Sources */,
				CE42D25F2663B326000B7DB3 /* UIColor+Ext.swift in Sources */,
				CE42D1FC2663B06A000B7DB3 /* SceneDelegate.swift in Sources */,
				CE42D29C2663D126000B7DB3 /* RestService.swift in Sources */,
				CE42D27A2663BA59000B7DB3 /* UserTVC.swift in Sources */,
				CE42D2AE266430A6000B7DB3 /* History+CoreDataClass.swift in Sources */,
				CE42D2612663B326000B7DB3 /* DataResponse+Ext.swift in Sources */,
				CE42D2622663B326000B7DB3 /* URLRequest+Ext.swift in Sources */,
				CE42D2562663B27C000B7DB3 /* BaseVC.swift in Sources */,
				CE42D2672663B372000B7DB3 /* BaseVM.swift in Sources */,
				CE42D2702663B683000B7DB3 /* Constant.swift in Sources */,
				CE149BBD267200BF009C1FED /* AppRepository.swift in Sources */,
			);
			runOnlyForDeploymentPostprocessing = 0;
		};
		CE42D20B2663B06E000B7DB3 /* Sources */ = {
			isa = PBXSourcesBuildPhase;
			buildActionMask = 2147483647;
			files = (
				CE42D2142663B06E000B7DB3 /* TestGitHubUserTests.swift in Sources */,
			);
			runOnlyForDeploymentPostprocessing = 0;
		};
		CE42D2162663B06E000B7DB3 /* Sources */ = {
			isa = PBXSourcesBuildPhase;
			buildActionMask = 2147483647;
			files = (
				CE42D21F2663B06E000B7DB3 /* TestGitHubUserUITests.swift in Sources */,
			);
			runOnlyForDeploymentPostprocessing = 0;
		};
/* End PBXSourcesBuildPhase section */

/* Begin PBXTargetDependency section */
		CE42D2112663B06E000B7DB3 /* PBXTargetDependency */ = {
			isa = PBXTargetDependency;
			target = CE42D1F52663B06A000B7DB3 /* TestGitHubUser */;
			targetProxy = CE42D2102663B06E000B7DB3 /* PBXContainerItemProxy */;
		};
		CE42D21C2663B06E000B7DB3 /* PBXTargetDependency */ = {
			isa = PBXTargetDependency;
			target = CE42D1F52663B06A000B7DB3 /* TestGitHubUser */;
			targetProxy = CE42D21B2663B06E000B7DB3 /* PBXContainerItemProxy */;
		};
/* End PBXTargetDependency section */

/* Begin PBXVariantGroup section */
		CE42D1FF2663B06A000B7DB3 /* Main.storyboard */ = {
			isa = PBXVariantGroup;
			children = (
				CE42D2002663B06A000B7DB3 /* Base */,
			);
			name = Main.storyboard;
			sourceTree = "<group>";
		};
		CE42D2072663B06D000B7DB3 /* LaunchScreen.storyboard */ = {
			isa = PBXVariantGroup;
			children = (
				CE42D2082663B06D000B7DB3 /* Base */,
			);
			name = LaunchScreen.storyboard;
			sourceTree = "<group>";
		};
/* End PBXVariantGroup section */

/* Begin XCBuildConfiguration section */
		CE42D2212663B06E000B7DB3 /* Debug */ = {
			isa = XCBuildConfiguration;
			buildSettings = {
				ALWAYS_SEARCH_USER_PATHS = NO;
				CLANG_ANALYZER_NONNULL = YES;
				CLANG_ANALYZER_NUMBER_OBJECT_CONVERSION = YES_AGGRESSIVE;
				CLANG_CXX_LANGUAGE_STANDARD = "gnu++14";
				CLANG_CXX_LIBRARY = "libc++";
				CLANG_ENABLE_MODULES = YES;
				CLANG_ENABLE_OBJC_ARC = YES;
				CLANG_ENABLE_OBJC_WEAK = YES;
				CLANG_WARN_BLOCK_CAPTURE_AUTORELEASING = YES;
				CLANG_WARN_BOOL_CONVERSION = YES;
				CLANG_WARN_COMMA = YES;
				CLANG_WARN_CONSTANT_CONVERSION = YES;
				CLANG_WARN_DEPRECATED_OBJC_IMPLEMENTATIONS = YES;
				CLANG_WARN_DIRECT_OBJC_ISA_USAGE = YES_ERROR;
				CLANG_WARN_DOCUMENTATION_COMMENTS = YES;
				CLANG_WARN_EMPTY_BODY = YES;
				CLANG_WARN_ENUM_CONVERSION = YES;
				CLANG_WARN_INFINITE_RECURSION = YES;
				CLANG_WARN_INT_CONVERSION = YES;
				CLANG_WARN_NON_LITERAL_NULL_CONVERSION = YES;
				CLANG_WARN_OBJC_IMPLICIT_RETAIN_SELF = YES;
				CLANG_WARN_OBJC_LITERAL_CONVERSION = YES;
				CLANG_WARN_OBJC_ROOT_CLASS = YES_ERROR;
				CLANG_WARN_QUOTED_INCLUDE_IN_FRAMEWORK_HEADER = YES;
				CLANG_WARN_RANGE_LOOP_ANALYSIS = YES;
				CLANG_WARN_STRICT_PROTOTYPES = YES;
				CLANG_WARN_SUSPICIOUS_MOVE = YES;
				CLANG_WARN_UNGUARDED_AVAILABILITY = YES_AGGRESSIVE;
				CLANG_WARN_UNREACHABLE_CODE = YES;
				CLANG_WARN__DUPLICATE_METHOD_MATCH = YES;
				COPY_PHASE_STRIP = NO;
				DEBUG_INFORMATION_FORMAT = dwarf;
				ENABLE_STRICT_OBJC_MSGSEND = YES;
				ENABLE_TESTABILITY = YES;
				GCC_C_LANGUAGE_STANDARD = gnu11;
				GCC_DYNAMIC_NO_PIC = NO;
				GCC_NO_COMMON_BLOCKS = YES;
				GCC_OPTIMIZATION_LEVEL = 0;
				GCC_PREPROCESSOR_DEFINITIONS = (
					"DEBUG=1",
					"$(inherited)",
				);
				GCC_WARN_64_TO_32_BIT_CONVERSION = YES;
				GCC_WARN_ABOUT_RETURN_TYPE = YES_ERROR;
				GCC_WARN_UNDECLARED_SELECTOR = YES;
				GCC_WARN_UNINITIALIZED_AUTOS = YES_AGGRESSIVE;
				GCC_WARN_UNUSED_FUNCTION = YES;
				GCC_WARN_UNUSED_VARIABLE = YES;
				IPHONEOS_DEPLOYMENT_TARGET = 14.3;
				MTL_ENABLE_DEBUG_INFO = INCLUDE_SOURCE;
				MTL_FAST_MATH = YES;
				ONLY_ACTIVE_ARCH = YES;
				SDKROOT = iphoneos;
				SWIFT_ACTIVE_COMPILATION_CONDITIONS = DEBUG;
				SWIFT_OPTIMIZATION_LEVEL = "-Onone";
			};
			name = Debug;
		};
		CE42D2222663B06E000B7DB3 /* Release */ = {
			isa = XCBuildConfiguration;
			buildSettings = {
				ALWAYS_SEARCH_USER_PATHS = NO;
				CLANG_ANALYZER_NONNULL = YES;
				CLANG_ANALYZER_NUMBER_OBJECT_CONVERSION = YES_AGGRESSIVE;
				CLANG_CXX_LANGUAGE_STANDARD = "gnu++14";
				CLANG_CXX_LIBRARY = "libc++";
				CLANG_ENABLE_MODULES = YES;
				CLANG_ENABLE_OBJC_ARC = YES;
				CLANG_ENABLE_OBJC_WEAK = YES;
				CLANG_WARN_BLOCK_CAPTURE_AUTORELEASING = YES;
				CLANG_WARN_BOOL_CONVERSION = YES;
				CLANG_WARN_COMMA = YES;
				CLANG_WARN_CONSTANT_CONVERSION = YES;
				CLANG_WARN_DEPRECATED_OBJC_IMPLEMENTATIONS = YES;
				CLANG_WARN_DIRECT_OBJC_ISA_USAGE = YES_ERROR;
				CLANG_WARN_DOCUMENTATION_COMMENTS = YES;
				CLANG_WARN_EMPTY_BODY = YES;
				CLANG_WARN_ENUM_CONVERSION = YES;
				CLANG_WARN_INFINITE_RECURSION = YES;
				CLANG_WARN_INT_CONVERSION = YES;
				CLANG_WARN_NON_LITERAL_NULL_CONVERSION = YES;
				CLANG_WARN_OBJC_IMPLICIT_RETAIN_SELF = YES;
				CLANG_WARN_OBJC_LITERAL_CONVERSION = YES;
				CLANG_WARN_OBJC_ROOT_CLASS = YES_ERROR;
				CLANG_WARN_QUOTED_INCLUDE_IN_FRAMEWORK_HEADER = YES;
				CLANG_WARN_RANGE_LOOP_ANALYSIS = YES;
				CLANG_WARN_STRICT_PROTOTYPES = YES;
				CLANG_WARN_SUSPICIOUS_MOVE = YES;
				CLANG_WARN_UNGUARDED_AVAILABILITY = YES_AGGRESSIVE;
				CLANG_WARN_UNREACHABLE_CODE = YES;
				CLANG_WARN__DUPLICATE_METHOD_MATCH = YES;
				COPY_PHASE_STRIP = NO;
				DEBUG_INFORMATION_FORMAT = "dwarf-with-dsym";
				ENABLE_NS_ASSERTIONS = NO;
				ENABLE_STRICT_OBJC_MSGSEND = YES;
				GCC_C_LANGUAGE_STANDARD = gnu11;
				GCC_NO_COMMON_BLOCKS = YES;
				GCC_WARN_64_TO_32_BIT_CONVERSION = YES;
				GCC_WARN_ABOUT_RETURN_TYPE = YES_ERROR;
				GCC_WARN_UNDECLARED_SELECTOR = YES;
				GCC_WARN_UNINITIALIZED_AUTOS = YES_AGGRESSIVE;
				GCC_WARN_UNUSED_FUNCTION = YES;
				GCC_WARN_UNUSED_VARIABLE = YES;
				IPHONEOS_DEPLOYMENT_TARGET = 14.3;
				MTL_ENABLE_DEBUG_INFO = NO;
				MTL_FAST_MATH = YES;
				SDKROOT = iphoneos;
				SWIFT_COMPILATION_MODE = wholemodule;
				SWIFT_OPTIMIZATION_LEVEL = "-O";
				VALIDATE_PRODUCT = YES;
			};
			name = Release;
		};
		CE42D2242663B06E000B7DB3 /* Debug */ = {
			isa = XCBuildConfiguration;
			baseConfigurationReference = FB5151420568F52ADB658B37 /* Pods-TestGitHubUser.debug.xcconfig */;
			buildSettings = {
				ASSETCATALOG_COMPILER_APPICON_NAME = AppIcon;
				ASSETCATALOG_COMPILER_GLOBAL_ACCENT_COLOR_NAME = AccentColor;
				CODE_SIGN_STYLE = Automatic;
				INFOPLIST_FILE = TestGitHubUser/Info.plist;
				LD_RUNPATH_SEARCH_PATHS = (
					"$(inherited)",
					"@executable_path/Frameworks",
				);
				PRODUCT_BUNDLE_IDENTIFIER = com.dpfht.TestGitHubUser;
				PRODUCT_NAME = "$(TARGET_NAME)";
				SWIFT_VERSION = 5.0;
				TARGETED_DEVICE_FAMILY = "1,2";
			};
			name = Debug;
		};
		CE42D2252663B06E000B7DB3 /* Release */ = {
			isa = XCBuildConfiguration;
			baseConfigurationReference = 5673A30F1E0F0DAB2F023DA7 /* Pods-TestGitHubUser.release.xcconfig */;
			buildSettings = {
				ASSETCATALOG_COMPILER_APPICON_NAME = AppIcon;
				ASSETCATALOG_COMPILER_GLOBAL_ACCENT_COLOR_NAME = AccentColor;
				CODE_SIGN_STYLE = Automatic;
				INFOPLIST_FILE = TestGitHubUser/Info.plist;
				LD_RUNPATH_SEARCH_PATHS = (
					"$(inherited)",
					"@executable_path/Frameworks",
				);
				PRODUCT_BUNDLE_IDENTIFIER = com.dpfht.TestGitHubUser;
				PRODUCT_NAME = "$(TARGET_NAME)";
				SWIFT_VERSION = 5.0;
				TARGETED_DEVICE_FAMILY = "1,2";
			};
			name = Release;
		};
		CE42D2272663B06E000B7DB3 /* Debug */ = {
			isa = XCBuildConfiguration;
			baseConfigurationReference = 6553CC61FA761ED26826D704 /* Pods-TestGitHubUserTests.debug.xcconfig */;
			buildSettings = {
				ALWAYS_EMBED_SWIFT_STANDARD_LIBRARIES = YES;
				BUNDLE_LOADER = "$(TEST_HOST)";
				CODE_SIGN_STYLE = Automatic;
				INFOPLIST_FILE = TestGitHubUserTests/Info.plist;
				IPHONEOS_DEPLOYMENT_TARGET = 14.3;
				LD_RUNPATH_SEARCH_PATHS = (
					"$(inherited)",
					"@executable_path/Frameworks",
					"@loader_path/Frameworks",
				);
				PRODUCT_BUNDLE_IDENTIFIER = com.dpfht.TestGitHubUserTests;
				PRODUCT_NAME = "$(TARGET_NAME)";
				SWIFT_VERSION = 5.0;
				TARGETED_DEVICE_FAMILY = "1,2";
				TEST_HOST = "$(BUILT_PRODUCTS_DIR)/TestGitHubUser.app/TestGitHubUser";
			};
			name = Debug;
		};
		CE42D2282663B06E000B7DB3 /* Release */ = {
			isa = XCBuildConfiguration;
			baseConfigurationReference = 53424CE8AE12E960E211BD29 /* Pods-TestGitHubUserTests.release.xcconfig */;
			buildSettings = {
				ALWAYS_EMBED_SWIFT_STANDARD_LIBRARIES = YES;
				BUNDLE_LOADER = "$(TEST_HOST)";
				CODE_SIGN_STYLE = Automatic;
				INFOPLIST_FILE = TestGitHubUserTests/Info.plist;
				IPHONEOS_DEPLOYMENT_TARGET = 14.3;
				LD_RUNPATH_SEARCH_PATHS = (
					"$(inherited)",
					"@executable_path/Frameworks",
					"@loader_path/Frameworks",
				);
				PRODUCT_BUNDLE_IDENTIFIER = com.dpfht.TestGitHubUserTests;
				PRODUCT_NAME = "$(TARGET_NAME)";
				SWIFT_VERSION = 5.0;
				TARGETED_DEVICE_FAMILY = "1,2";
				TEST_HOST = "$(BUILT_PRODUCTS_DIR)/TestGitHubUser.app/TestGitHubUser";
			};
			name = Release;
		};
		CE42D22A2663B06E000B7DB3 /* Debug */ = {
			isa = XCBuildConfiguration;
			baseConfigurationReference = 5834CA7A0E137FBA26D718E6 /* Pods-TestGitHubUser-TestGitHubUserUITests.debug.xcconfig */;
			buildSettings = {
				ALWAYS_EMBED_SWIFT_STANDARD_LIBRARIES = YES;
				CODE_SIGN_STYLE = Automatic;
				INFOPLIST_FILE = TestGitHubUserUITests/Info.plist;
				LD_RUNPATH_SEARCH_PATHS = (
					"$(inherited)",
					"@executable_path/Frameworks",
					"@loader_path/Frameworks",
				);
				PRODUCT_BUNDLE_IDENTIFIER = com.dpfht.TestGitHubUserUITests;
				PRODUCT_NAME = "$(TARGET_NAME)";
				SWIFT_VERSION = 5.0;
				TARGETED_DEVICE_FAMILY = "1,2";
				TEST_TARGET_NAME = TestGitHubUser;
			};
			name = Debug;
		};
		CE42D22B2663B06E000B7DB3 /* Release */ = {
			isa = XCBuildConfiguration;
			baseConfigurationReference = 2B1ADAECB7EB2EAA6FC0FD1D /* Pods-TestGitHubUser-TestGitHubUserUITests.release.xcconfig */;
			buildSettings = {
				ALWAYS_EMBED_SWIFT_STANDARD_LIBRARIES = YES;
				CODE_SIGN_STYLE = Automatic;
				INFOPLIST_FILE = TestGitHubUserUITests/Info.plist;
				LD_RUNPATH_SEARCH_PATHS = (
					"$(inherited)",
					"@executable_path/Frameworks",
					"@loader_path/Frameworks",
				);
				PRODUCT_BUNDLE_IDENTIFIER = com.dpfht.TestGitHubUserUITests;
				PRODUCT_NAME = "$(TARGET_NAME)";
				SWIFT_VERSION = 5.0;
				TARGETED_DEVICE_FAMILY = "1,2";
				TEST_TARGET_NAME = TestGitHubUser;
			};
			name = Release;
		};
/* End XCBuildConfiguration section */

/* Begin XCConfigurationList section */
		CE42D1F12663B06A000B7DB3 /* Build configuration list for PBXProject "TestGitHubUser" */ = {
			isa = XCConfigurationList;
			buildConfigurations = (
				CE42D2212663B06E000B7DB3 /* Debug */,
				CE42D2222663B06E000B7DB3 /* Release */,
			);
			defaultConfigurationIsVisible = 0;
			defaultConfigurationName = Release;
		};
		CE42D2232663B06E000B7DB3 /* Build configuration list for PBXNativeTarget "TestGitHubUser" */ = {
			isa = XCConfigurationList;
			buildConfigurations = (
				CE42D2242663B06E000B7DB3 /* Debug */,
				CE42D2252663B06E000B7DB3 /* Release */,
			);
			defaultConfigurationIsVisible = 0;
			defaultConfigurationName = Release;
		};
		CE42D2262663B06E000B7DB3 /* Build configuration list for PBXNativeTarget "TestGitHubUserTests" */ = {
			isa = XCConfigurationList;
			buildConfigurations = (
				CE42D2272663B06E000B7DB3 /* Debug */,
				CE42D2282663B06E000B7DB3 /* Release */,
			);
			defaultConfigurationIsVisible = 0;
			defaultConfigurationName = Release;
		};
		CE42D2292663B06E000B7DB3 /* Build configuration list for PBXNativeTarget "TestGitHubUserUITests" */ = {
			isa = XCConfigurationList;
			buildConfigurations = (
				CE42D22A2663B06E000B7DB3 /* Debug */,
				CE42D22B2663B06E000B7DB3 /* Release */,
			);
			defaultConfigurationIsVisible = 0;
			defaultConfigurationName = Release;
		};
/* End XCConfigurationList section */

/* Begin XCVersionGroup section */
		CE42D2022663B06A000B7DB3 /* TestGitHubUser.xcdatamodeld */ = {
			isa = XCVersionGroup;
			children = (
				CE42D2032663B06A000B7DB3 /* TestGitHubUser.xcdatamodel */,
			);
			currentVersion = CE42D2032663B06A000B7DB3 /* TestGitHubUser.xcdatamodel */;
			path = TestGitHubUser.xcdatamodeld;
			sourceTree = "<group>";
			versionGroupType = wrapper.xcdatamodel;
		};
/* End XCVersionGroup section */
	};
	rootObject = CE42D1EE2663B06A000B7DB3 /* Project object */;
}
